
Microsoft Visual Studio Solution File, Format Version 12.00
# Visual Studio 2012
Project("{FAE04EC0-301F-11D3-BF4B-00C04F79EFBC}") = "WindowsFormsApplication1", "WindowsFormsApplication1\WindowsFormsApplication1.csproj", "{57EE15E1-A0B7-437D-812F-7C3AC21D0822}"
EndProject
Project("{FAE04EC0-301F-11D3-BF4B-00C04F79EFBC}") = "HGMark.Common", "HGMark.Common\HGMark.Common.csproj", "{C55DDF3A-756B-4ACE-873E-732B5CD7B27E}"
EndProject
Project("{FAE04EC0-301F-11D3-BF4B-00C04F79EFBC}") = "HGMark.ModbusClassLibrary", "ModbusClassLibrary\HGMark.ModbusClassLibrary.csproj", "{BE3B6465-1675-46F6-9E34-A018205C56BA}"
EndProject
Project("{FAE04EC0-301F-11D3-BF4B-00C04F79EFBC}") = "HGMark.DBClassLibrary", "HGMark.DBClassLibrary\HGMark.DBClassLibrary.csproj", "{D7233DA3-F4A9-4841-A96D-B2C48E8D230B}"
EndProject
Global
	GlobalSection(SolutionConfigurationPlatforms) = preSolution
		Debug|Any CPU = Debug|Any CPU
		Release|Any CPU = Release|Any CPU
	EndGlobalSection
	GlobalSection(ProjectConfigurationPlatforms) = postSolution
		{57EE15E1-A0B7-437D-812F-7C3AC21D0822}.Debug|Any CPU.ActiveCfg = Debug|Any CPU
		{57EE15E1-A0B7-437D-812F-7C3AC21D0822}.Debug|Any CPU.Build.0 = Debug|Any CPU
		{57EE15E1-A0B7-437D-812F-7C3AC21D0822}.Release|Any CPU.ActiveCfg = Release|Any CPU
		{57EE15E1-A0B7-437D-812F-7C3AC21D0822}.Release|Any CPU.Build.0 = Release|Any CPU
		{C55DDF3A-756B-4ACE-873E-732B5CD7B27E}.Debug|Any CPU.ActiveCfg = Debug|Any CPU
		{C55DDF3A-756B-4ACE-873E-732B5CD7B27E}.Debug|Any CPU.Build.0 = Debug|Any CPU
		{C55DDF3A-756B-4ACE-873E-732B5CD7B27E}.Release|Any CPU.ActiveCfg = Release|Any CPU
		{C55DDF3A-756B-4ACE-873E-732B5CD7B27E}.Release|Any CPU.Build.0 = Release|Any CPU
		{BE3B6465-1675-46F6-9E34-A018205C56BA}.Debug|Any CPU.ActiveCfg = Debug|Any CPU
		{BE3B6465-1675-46F6-9E34-A018205C56BA}.Debug|Any CPU.Build.0 = Debug|Any CPU
		{BE3B6465-1675-46F6-9E34-A018205C56BA}.Release|Any CPU.ActiveCfg = Release|Any CPU
		{BE3B6465-1675-46F6-9E34-A018205C56BA}.Release|Any CPU.Build.0 = Release|Any CPU
		{D7233DA3-F4A9-4841-A96D-B2C48E8D230B}.Debug|Any CPU.ActiveCfg = Debug|Any CPU
		{D7233DA3-F4A9-4841-A96D-B2C48E8D230B}.Debug|Any CPU.Build.0 = Debug|Any CPU
		{D7233DA3-F4A9-4841-A96D-B2C48E8D230B}.Release|Any CPU.ActiveCfg = Release|Any CPU
		{D7233DA3-F4A9-4841-A96D-B2C48E8D230B}.Release|Any CPU.Build.0 = Release|Any CPU
	EndGlobalSection
	GlobalSection(SolutionProperties) = preSolution
		HideSolutionNode = FALSE
	EndGlobalSection
EndGlobal
